
Microsoft Visual Studio Solution File, Format Version 12.00
# Visual Studio Version 17
VisualStudioVersion = 17.3.32922.545
MinimumVisualStudioVersion = 10.0.40219.1
Project("{2150E333-8FDC-42A3-9474-1A3956D46DE8}") = "corePackages", "corePackages", "{B31A687C-1D46-4F66-A12D-A9C88FB599A6}"
EndProject
Project("{2150E333-8FDC-42A3-9474-1A3956D46DE8}") = "projects", "projects", "{4EF254CC-F629-43DC-9B74-9EC543FF121A}"
EndProject
Project("{2150E333-8FDC-42A3-9474-1A3956D46DE8}") = "tProject", "tProject", "{ABD2EB1E-B996-4F1F-86A0-EF57961F7077}"
EndProject
Project("{FAE04EC0-301F-11D3-BF4B-00C04F79EFBC}") = "Application", "projects\tProject\Application\Application.csproj", "{1DEAC9CF-EF86-4B80-924B-4026374C58EE}"
EndProject
Project("{FAE04EC0-301F-11D3-BF4B-00C04F79EFBC}") = "Domain", "projects\tProject\Domain\Domain.csproj", "{9D8FFD2E-87AC-4910-85CA-186DD123FEAE}"
EndProject
Project("{FAE04EC0-301F-11D3-BF4B-00C04F79EFBC}") = "Infrastructure", "projects\tProject\Infrastructure\Infrastructure.csproj", "{BEB60FA0-1051-40CF-804A-E70C2C40B840}"
EndProject
Project("{FAE04EC0-301F-11D3-BF4B-00C04F79EFBC}") = "Persistence", "projects\tProject\Persistence\Persistence.csproj", "{DCA790C8-31ED-4C1A-8021-AE58C5DFF43C}"
EndProject
Project("{FAE04EC0-301F-11D3-BF4B-00C04F79EFBC}") = "WebAPI", "projects\tProject\WebAPI\WebAPI.csproj", "{0F1C67DB-E959-4821-B633-552028C304C8}"
EndProject
Project("{9A19103F-16F7-4668-BE54-9A1E7A4F7556}") = "Core.Application", "corePackages\Core.Application\Core.Application.csproj", "{DB2F3B04-166A-43A4-B1BF-3BC2BB1A185E}"
EndProject
Project("{9A19103F-16F7-4668-BE54-9A1E7A4F7556}") = "Core.CrossCuttingConcerns", "corePackages\Core.CrossCuttingConcers\Core.CrossCuttingConcerns.csproj", "{AF7502CC-9D04-43E4-AD0F-ABC0BBF45DB4}"
EndProject
Project("{9A19103F-16F7-4668-BE54-9A1E7A4F7556}") = "Core.ElasticSearch", "corePackages\Core.ElasticSearch\Core.ElasticSearch.csproj", "{12E67773-200E-4373-A0DE-830A0B8CA004}"
EndProject
Project("{9A19103F-16F7-4668-BE54-9A1E7A4F7556}") = "Core.Mailing", "corePackages\Core.Mailing\Core.Mailing.csproj", "{F7A55525-69DC-4FD2-9807-BFF9A4F99917}"
EndProject
Project("{9A19103F-16F7-4668-BE54-9A1E7A4F7556}") = "Core.Persistence", "corePackages\Core.Persistence\Core.Persistence.csproj", "{4E506064-A9BC-43D3-BE1A-7A4FAD4D3DB6}"
EndProject
Project("{9A19103F-16F7-4668-BE54-9A1E7A4F7556}") = "Core.Security", "corePackages\Core.Security\Core.Security.csproj", "{2DF3B4E3-AC17-4B09-8B1C-83F1D6677164}"
EndProject
Global
	GlobalSection(SolutionConfigurationPlatforms) = preSolution
		Debug|Any CPU = Debug|Any CPU
		Release|Any CPU = Release|Any CPU
	EndGlobalSection
	GlobalSection(ProjectConfigurationPlatforms) = postSolution
		{1DEAC9CF-EF86-4B80-924B-4026374C58EE}.Debug|Any CPU.ActiveCfg = Debug|Any CPU
		{1DEAC9CF-EF86-4B80-924B-4026374C58EE}.Debug|Any CPU.Build.0 = Debug|Any CPU
		{1DEAC9CF-EF86-4B80-924B-4026374C58EE}.Release|Any CPU.ActiveCfg = Release|Any CPU
		{1DEAC9CF-EF86-4B80-924B-4026374C58EE}.Release|Any CPU.Build.0 = Release|Any CPU
		{9D8FFD2E-87AC-4910-85CA-186DD123FEAE}.Debug|Any CPU.ActiveCfg = Debug|Any CPU
		{9D8FFD2E-87AC-4910-85CA-186DD123FEAE}.Debug|Any CPU.Build.0 = Debug|Any CPU
		{9D8FFD2E-87AC-4910-85CA-186DD123FEAE}.Release|Any CPU.ActiveCfg = Release|Any CPU
		{9D8FFD2E-87AC-4910-85CA-186DD123FEAE}.Release|Any CPU.Build.0 = Release|Any CPU
		{BEB60FA0-1051-40CF-804A-E70C2C40B840}.Debug|Any CPU.ActiveCfg = Debug|Any CPU
		{BEB60FA0-1051-40CF-804A-E70C2C40B840}.Debug|Any CPU.Build.0 = Debug|Any CPU
		{BEB60FA0-1051-40CF-804A-E70C2C40B840}.Release|Any CPU.ActiveCfg = Release|Any CPU
		{BEB60FA0-1051-40CF-804A-E70C2C40B840}.Release|Any CPU.Build.0 = Release|Any CPU
		{DCA790C8-31ED-4C1A-8021-AE58C5DFF43C}.Debug|Any CPU.ActiveCfg = Debug|Any CPU
		{DCA790C8-31ED-4C1A-8021-AE58C5DFF43C}.Debug|Any CPU.Build.0 = Debug|Any CPU
		{DCA790C8-31ED-4C1A-8021-AE58C5DFF43C}.Release|Any CPU.ActiveCfg = Release|Any CPU
		{DCA790C8-31ED-4C1A-8021-AE58C5DFF43C}.Release|Any CPU.Build.0 = Release|Any CPU
		{0F1C67DB-E959-4821-B633-552028C304C8}.Debug|Any CPU.ActiveCfg = Debug|Any CPU
		{0F1C67DB-E959-4821-B633-552028C304C8}.Debug|Any CPU.Build.0 = Debug|Any CPU
		{0F1C67DB-E959-4821-B633-552028C304C8}.Release|Any CPU.ActiveCfg = Release|Any CPU
		{0F1C67DB-E959-4821-B633-552028C304C8}.Release|Any CPU.Build.0 = Release|Any CPU
		{DB2F3B04-166A-43A4-B1BF-3BC2BB1A185E}.Debug|Any CPU.ActiveCfg = Debug|Any CPU
		{DB2F3B04-166A-43A4-B1BF-3BC2BB1A185E}.Debug|Any CPU.Build.0 = Debug|Any CPU
		{DB2F3B04-166A-43A4-B1BF-3BC2BB1A185E}.Release|Any CPU.ActiveCfg = Release|Any CPU
		{DB2F3B04-166A-43A4-B1BF-3BC2BB1A185E}.Release|Any CPU.Build.0 = Release|Any CPU
		{AF7502CC-9D04-43E4-AD0F-ABC0BBF45DB4}.Debug|Any CPU.ActiveCfg = Debug|Any CPU
		{AF7502CC-9D04-43E4-AD0F-ABC0BBF45DB4}.Debug|Any CPU.Build.0 = Debug|Any CPU
		{AF7502CC-9D04-43E4-AD0F-ABC0BBF45DB4}.Release|Any CPU.ActiveCfg = Release|Any CPU
		{AF7502CC-9D04-43E4-AD0F-ABC0BBF45DB4}.Release|Any CPU.Build.0 = Release|Any CPU
		{12E67773-200E-4373-A0DE-830A0B8CA004}.Debug|Any CPU.ActiveCfg = Debug|Any CPU
		{12E67773-200E-4373-A0DE-830A0B8CA004}.Debug|Any CPU.Build.0 = Debug|Any CPU
		{12E67773-200E-4373-A0DE-830A0B8CA004}.Release|Any CPU.ActiveCfg = Release|Any CPU
		{12E67773-200E-4373-A0DE-830A0B8CA004}.Release|Any CPU.Build.0 = Release|Any CPU
		{F7A55525-69DC-4FD2-9807-BFF9A4F99917}.Debug|Any CPU.ActiveCfg = Debug|Any CPU
		{F7A55525-69DC-4FD2-9807-BFF9A4F99917}.Debug|Any CPU.Build.0 = Debug|Any CPU
		{F7A55525-69DC-4FD2-9807-BFF9A4F99917}.Release|Any CPU.ActiveCfg = Release|Any CPU
		{F7A55525-69DC-4FD2-9807-BFF9A4F99917}.Release|Any CPU.Build.0 = Release|Any CPU
		{4E506064-A9BC-43D3-BE1A-7A4FAD4D3DB6}.Debug|Any CPU.ActiveCfg = Debug|Any CPU
		{4E506064-A9BC-43D3-BE1A-7A4FAD4D3DB6}.Debug|Any CPU.Build.0 = Debug|Any CPU
		{4E506064-A9BC-43D3-BE1A-7A4FAD4D3DB6}.Release|Any CPU.ActiveCfg = Release|Any CPU
		{4E506064-A9BC-43D3-BE1A-7A4FAD4D3DB6}.Release|Any CPU.Build.0 = Release|Any CPU
		{2DF3B4E3-AC17-4B09-8B1C-83F1D6677164}.Debug|Any CPU.ActiveCfg = Debug|Any CPU
		{2DF3B4E3-AC17-4B09-8B1C-83F1D6677164}.Debug|Any CPU.Build.0 = Debug|Any CPU
		{2DF3B4E3-AC17-4B09-8B1C-83F1D6677164}.Release|Any CPU.ActiveCfg = Release|Any CPU
		{2DF3B4E3-AC17-4B09-8B1C-83F1D6677164}.Release|Any CPU.Build.0 = Release|Any CPU
	EndGlobalSection
	GlobalSection(SolutionProperties) = preSolution
		HideSolutionNode = FALSE
	EndGlobalSection
	GlobalSection(NestedProjects) = preSolution
		{ABD2EB1E-B996-4F1F-86A0-EF57961F7077} = {4EF254CC-F629-43DC-9B74-9EC543FF121A}
		{1DEAC9CF-EF86-4B80-924B-4026374C58EE} = {ABD2EB1E-B996-4F1F-86A0-EF57961F7077}
		{9D8FFD2E-87AC-4910-85CA-186DD123FEAE} = {ABD2EB1E-B996-4F1F-86A0-EF57961F7077}
		{BEB60FA0-1051-40CF-804A-E70C2C40B840} = {ABD2EB1E-B996-4F1F-86A0-EF57961F7077}
		{DCA790C8-31ED-4C1A-8021-AE58C5DFF43C} = {ABD2EB1E-B996-4F1F-86A0-EF57961F7077}
		{0F1C67DB-E959-4821-B633-552028C304C8} = {ABD2EB1E-B996-4F1F-86A0-EF57961F7077}
		{DB2F3B04-166A-43A4-B1BF-3BC2BB1A185E} = {B31A687C-1D46-4F66-A12D-A9C88FB599A6}
		{AF7502CC-9D04-43E4-AD0F-ABC0BBF45DB4} = {B31A687C-1D46-4F66-A12D-A9C88FB599A6}
		{12E67773-200E-4373-A0DE-830A0B8CA004} = {B31A687C-1D46-4F66-A12D-A9C88FB599A6}
		{F7A55525-69DC-4FD2-9807-BFF9A4F99917} = {B31A687C-1D46-4F66-A12D-A9C88FB599A6}
		{4E506064-A9BC-43D3-BE1A-7A4FAD4D3DB6} = {B31A687C-1D46-4F66-A12D-A9C88FB599A6}
		{2DF3B4E3-AC17-4B09-8B1C-83F1D6677164} = {B31A687C-1D46-4F66-A12D-A9C88FB599A6}
	EndGlobalSection
	GlobalSection(ExtensibilityGlobals) = postSolution
		SolutionGuid = {2ABAB520-B181-4549-94B9-7D3A788169DD}
	EndGlobalSection
EndGlobal
